codeberg.org/vula/highctidh v1.0.2025051200 h1:4xG2pxCCYKvI2HICy5YQf+44d8pEibuOg4u86PvX4OM=
codeberg.org/vula/highctidh v1.0.2025051200/go.mod h1:admvznk7GhsrDih/BMy7jbIv9Y86U9vj7S5FVoquF/g=
filippo.io/edwards25519 v1.2.0 h1:crnVqOiS4jqYleHd9vaKZ+HKtHfllngJIiOpNpoJsjo=
filippo.io/edwards25519 v1.2.0/go.mod h1:xzAOLCNug/yB62zG1bQ8uziwrIqIuxhctzJT18Q77mc=
filippo.io/mldsa v0.0.0-20260215214346-43d0283efc3e h1:VsUbObBMxXlc23Eb9VeeJYE4jvTs87qa5RqSN2U5FJU=
filippo.io/mldsa v0.0.0-20260215214346-43d0283efc3e/go.mod h1:32qQ5yj3R24Eu03iWFWchdC3OB653wPvoepWejkefbY=
filippo.io/mlkem768 v0.0.0-20260214141301-2e7bebc7d88d h1:YyLyABjdrdt2l/E6JAnku4BjhEDXhxQD2bPOnOvy8/M=
filippo.io/mlkem768 v0.0.0-20260214141301-2e7bebc7d88d/go.mod h1:ym4egWKLpazdho3bHx0xuQlCq02ttP+vhxxKO8LgO9c=
github.com/BurntSushi/toml v1.6.0 h1:dRaEfpa2VI55EwlIW72hMRHdWouJeRF7TPYhI+AUQjk=
github.com/BurntSushi/toml v1.6.0/go.mod h1:ukJfTF/6rtPPRCnwkur4qwRxa8vTRFBF0uk2lLoLwho=
github.com/agl/gcmsiv v0.0.0-20190418185415-e8dcd2f151dc h1:MB338WDPuyQ8qXRiSRK2NVTv0EmLYsHXZAevEiQO1+c=
github.com/agl/gcmsiv v0.0.0-20190418185415-e8dcd2f151dc/go.mod h1:5joDAvk82M2Cx1X8mAL5Orvhy5lfW4BjrTCW65wbvRo=
github.com/coder/websocket v1.8.15 h1:6B2JPeOGlpff2Uz6vOEH1Vzpi0iUz20A+lPVhPHtNUA=
github.com/coder/websocket v1.8.15/go.mod h1:NX3SzP+inril6yawo5CQXx8+fk145lPDC6pumgx0mVg=
github.com/davecgh/go-spew v1.1.1 h1:vj9j/u1bqnvCEfJOwUhtlOARqs3+rkHYY13jYWTU97c=
github.com/davecgh/go-spew v1.1.1/go.mod h1:J7Y8YcW2NihsgmVo/mv3lAwl/skON4iLHjSsI+c5H38=
github.com/fxamacker/cbor/v2 v2.9.1 h1:2rWm8B193Ll4VdjsJY28jxs70IdDsHRWgQYAI80+rMQ=
github.com/fxamacker/cbor/v2 v2.9.1/go.mod h1:vM4b+DJCtHn+zz7h3FFp/hDAI9WNWCsZj23V5ytsSxQ=
github.com/google/uuid v1.6.0 h1:NIvaJDMOsjHA8n1jAhLSgzrAzy1Hgr+hNrb57e+94F0=
github.com/google/uuid v1.6.0/go.mod h1:TIyPZe4MgqvfeYDBFedMoGGpEw/LqOeaOT+nhxU+yHo=
github.com/katzenpost/chacha20 v0.0.1 h1:Scu6Pqyginw083FhypKMIBmCI2gQTC1RFD6vqpWwI2Y=
github.com/katzenpost/chacha20 v0.0.1/go.mod h1:/LIJK/8cUXVJrCh5NypZ8So3gDfQCoQT8lRvy1rYQZA=
github.com/katzenpost/chacha20poly1305 v0.0.1 h1:yFPxgu/VSWsoCNQ2x15az8xBKKc/9GDY9Pz42MvY9xg=
github.com/katzenpost/chacha20poly1305 v0.0.1/go.mod h1:5sv//C8pWaXrnnP3CNiJXqAlA1/yfUZOl1tR9xsL9bI=
github.com/katzenpost/circl v1.3.8-0.20260413165442-e2d217fd59f5 h1:n+9aUwSmnz97MNS9duYeHSq+s42CG9wydFECOjqAI9A=
github.com/katzenpost/circl v1.3.8-0.20260413165442-e2d217fd59f5/go.mod h1:9KxLMK17ZLjofnmpVp4Sm315uIF3BAWHVk32EFDRicU=
github.com/katzenpost/falcon v0.1.0 h1:+WkID41Y6CaWAQE3ijCIfZHu7eHHy8DvAFWCnrW1XDw=
github.com/katzenpost/falcon v0.1.0/go.mod h1:HtOnkNvwpvTJ3fuXmy4BNw4A8Jg2QetpmkvOPOnOwyU=
github.com/katzenpost/hpqc v0.0.85-0.20260715190213-e598e7ee2843 h1:MkmW+vTZx0fpNr7wDUoEdFD61IQcsASxbxXVVvmrCxQ=
github.com/katzenpost/hpqc v0.0.85-0.20260715190213-e598e7ee2843/go.mod h1:C/MaI/ke/uHR5FCKuqB/GNa/JLoFk9PeBnFoP23dh6Q=
github.com/katzenpost/sntrup4591761 v0.0.0-20231024131303-8755eb1986b8 h1:TsKxH0x2RUwf5rBw67k15bqVM3oVbexA9oaTZQLIy3Y=
github.com/katzenpost/sntrup4591761 v0.0.0-20231024131303-8755eb1986b8/go.mod h1:Hmcrwom7jcEmGdo0CsyuJNnldPeyS+M07FuCbo7I8fw=
github.com/katzenpost/sphincsplus v0.0.2 h1:W1UWejLK62Lk0uK2R08H/sWEaQrRHWCaMEKO181SoOE=
github.com/katzenpost/sphincsplus v0.0.2/go.mod h1:ChO9+ojgCH1yEuplGgW4mSI1FwZWtyEmEkG1xL3w264=
github.com/katzenpost/sqisign/bindings/go v0.0.0-20260520215053-47e926d8264d h1:mjXmMwB8NRO0+NoUGj9zys2vm02Ia9on0lZE5gVr4X8=
github.com/katzenpost/sqisign/bindings/go v0.0.0-20260520215053-47e926d8264d/go.mod h1:CcVAF5BHgQtHH3lFCmwl3t2KKcXih+8ZcjLbxg8z3D0=
github.com/mattn/go-pointer v0.0.1 h1:n+XhsuGeVO6MEAp7xyEukFINEa+Quek5psIR/ylA6o0=
github.com/mattn/go-pointer v0.0.1/go.mod h1:2zXcozF6qYGgmsG+SeTZz3oAbFLdD3OWqnUbNvJZAlc=
github.com/pion/datachannel v1.6.0 h1:XecBlj+cvsxhAMZWFfFcPyUaDZtd7IJvrXqlXD/53i0=
github.com/pion/datachannel v1.6.0/go.mod h1:ur+wzYF8mWdC+Mkis5Thosk+u/VOL287apDNEbFpsIk=
github.com/pion/dtls/v3 v3.1.2 h1:gqEdOUXLtCGW+afsBLO0LtDD8GnuBBjEy6HRtyofZTc=
github.com/pion/dtls/v3 v3.1.2/go.mod h1:Hw/igcX4pdY69z1Hgv5x7wJFrUkdgHwAn/Q/uo7YHRo=
github.com/pion/ice/v4 v4.2.5 h1:5umUQy4hX6HwMsCnJ0SX337YYCeTWDgC9JWyvUqHIHs=
github.com/pion/ice/v4 v4.2.5/go.mod h1:aaABRaykEYnNjccjbiimuYxViaASeuv5mk9BpplUxK0=
github.com/pion/interceptor v0.1.44 h1:sNlZwM8dWXU9JQAkJh8xrarC0Etn8Oolcniukmuy0/I=
github.com/pion/interceptor v0.1.44/go.mod h1:4atVlBkcgXuUP+ykQF0qOCGU2j7pQzX2ofvPRFsY5RY=
github.com/pion/logging v0.2.4 h1:tTew+7cmQ+Mc1pTBLKH2puKsOvhm32dROumOZ655zB8=
github.com/pion/logging v0.2.4/go.mod h1:DffhXTKYdNZU+KtJ5pyQDjvOAh/GsNSyv1lbkFbe3so=
github.com/pion/mdns/v2 v2.1.0 h1:3IJ9+Xio6tWYjhN6WwuY142P/1jA0D5ERaIqawg/fOY=
github.com/pion/mdns/v2 v2.1.0/go.mod h1:pcez23GdynwcfRU1977qKU0mDxSeucttSHbCSfFOd9A=
github.com/pion/randutil v0.1.0 h1:CFG1UdESneORglEsnimhUjf33Rwjubwj6xfiOXBa3mA=
github.com/pion/randutil v0.1.0/go.mod h1:XcJrSMMbbMRhASFVOlj/5hQial/Y8oH/HVo7TBZq+j8=
github.com/pion/rtcp v1.2.16 h1:fk1B1dNW4hsI78XUCljZJlC4kZOPk67mNRuQ0fcEkSo=
github.com/pion/rtcp v1.2.16/go.mod h1:/as7VKfYbs5NIb4h6muQ35kQF/J0ZVNz2Z3xKoCBYOo=
github.com/pion/rtp v1.10.1 h1:xP1prZcCTUuhO2c83XtxyOHJteISg6o8iPsE2acaMtA=
github.com/pion/rtp v1.10.1/go.mod h1:rF5nS1GqbR7H/TCpKwylzeq6yDM+MM6k+On5EgeThEM=
github.com/pion/sctp v1.9.5 h1:QoSFB/drmAsmSeSFNQNI3xx010nW4HsycCZckRVWWag=
github.com/pion/sctp v1.9.5/go.mod h1:N20Dq6LY+JvJDAh9VVh1JELngb2rQ8dPgds5yBWiPgw=
github.com/pion/sdp/v3 v3.0.18 h1:l0bAXazKHpepazVdp+tPYnrsy9dfh7ZbT8DxesH5ZnI=
github.com/pion/sdp/v3 v3.0.18/go.mod h1:ZREGo6A9ZygQ9XkqAj5xYCQtQpif0i6Pa81HOiAdqQ8=
github.com/pion/srtp/v3 v3.0.10 h1:tFirkpBb3XccP5VEXLi50GqXhv5SKPxqrdlhDCJlZrQ=
github.com/pion/srtp/v3 v3.0.10/go.mod h1:3mOTIB0cq9qlbn59V4ozvv9ClW/BSEbRp4cY0VtaR7M=
github.com/pion/stun/v3 v3.1.2 h1:86IhD8wFn6IDW4b1/0QzoQS+f5PeA8OHHRn8UZW5ErY=
github.com/pion/stun/v3 v3.1.2/go.mod h1:H7gDic7nNwlUL05pbs6T1dtaBehh/KjupxfWw3ZI7cA=
github.com/pion/transport/v3 v3.1.1 h1:Tr684+fnnKlhPceU+ICdrw6KKkTms+5qHMgw6bIkYOM=
github.com/pion/transport/v3 v3.1.1/go.mod h1:+c2eewC5WJQHiAA46fkMMzoYZSuGzA/7E2FPrOYHctQ=
github.com/pion/transport/v4 v4.0.1 h1:sdROELU6BZ63Ab7FrOLn13M6YdJLY20wldXW2Cu2k8o=
github.com/pion/transport/v4 v4.0.1/go.mod h1:nEuEA4AD5lPdcIegQDpVLgNoDGreqM/YqmEx3ovP4jM=
github.com/pion/turn/v4 v4.1.4 h1:EU11yMXKIsK43FhcUnjLlrhE4nboHZq+TXBIi3QpcxQ=
github.com/pion/turn/v4 v4.1.4/go.mod h1:ES1DXVFKnOhuDkqn9hn5VJlSWmZPaRJLyBXoOeO/BmQ=
github.com/pion/turn/v5 v5.0.3 h1:I+Nw0fQgdPWF1SXDj0egWDhCkcff7gWiigdQpOK52Ak=
github.com/pion/turn/v5 v5.0.3/go.mod h1:fs4SogUh/aRGQzonc4Lx3Jp4EU3j3t0PfNDEd9KcD/w=
github.com/pion/webrtc/v4 v4.2.12 h1:ux8i+aJxu0OdhcAcVO39JEeodWugD0wdVJoRDtXk1CY=
github.com/pion/webrtc/v4 v4.2.12/go.mod h1:M/DeGZkhdWZVmVgGr34HOD9yUDekVJtz9c9PGO18urQ=
github.com/pmezard/go-difflib v1.0.0 h1:4DBwDE0NGyQoBHbLQYPwSUPoCMWR5BEzIk/f1lZbAQM=
github.com/pmezard/go-difflib v1.0.0/go.mod h1:iKH77koFhYxTK1pcRnkKkqfTogsbg7gZNVY4sRDYZ/4=
github.com/privacy-ethereum/kps/libs/go v0.2.1 h1:O41vyAYKQvD96wjYvvi40QtNckob3kIeu0d97NniGLs=
github.com/privacy-ethereum/kps/libs/go v0.2.1/go.mod h1:n/p9OdHivSImwhjAJpzwYNS5mE8c7lF2Yk/KKNjOIvY=
github.com/quic-go/quic-go v0.59.0 h1:OLJkp1Mlm/aS7dpKgTc6cnpynnD2Xg7C1pwL6vy/SAw=
github.com/quic-go/quic-go v0.59.0/go.mod h1:upnsH4Ju1YkqpLXC305eW3yDZ4NfnNbmQRCMWS58IKU=
github.com/schwarmco/go-cartesian-product v0.0.0-20230921023625-e02d1c150053 h1:h7EwPM2KjupG0zVAG+EYxbR2cHnbiP1d4DTAZ+G09LY=
github.com/schwarmco/go-cartesian-product v0.0.0-20230921023625-e02d1c150053/go.mod h1:/TRiIlxvQQAtfnBXEqqbnYBYPmE6XT5iZxSx+hJ9zGw=
github.com/shurlinet/go-hqc v0.1.1 h1:p0ZSHW+Spulp0pBnuyYTjgqmqm0CkILZWyOEZeKRXl0=
github.com/shurlinet/go-hqc v0.1.1/go.mod h1:3pQdozY8+F4AcOpiyj/ztKR90TwMDMBjbiNHNbejPtw=
github.com/stretchr/testify v1.11.1 h1:7s2iGBzp5EwR7/aIZr8ao5+dra3wiQyKjjFuvgVKu7U=
github.com/stretchr/testify v1.11.1/go.mod h1:wZwfW3scLgRK+23gO65QZefKpKQRnfz6sD981Nm4B6U=
github.com/wlynxg/anet v0.0.5 h1:J3VJGi1gvo0JwZ/P1/Yc/8p63SoW98B5dHkYDmpgvvU=
github.com/wlynxg/anet v0.0.5/go.mod h1:eay5PRQr7fIVAMbTbchTnO9gG65Hg/uYGdc7mguHxoA=
github.com/x448/float16 v0.8.4 h1:qLwI1I70+NjRFUR3zs1JPUCgaCXSh3SW62uAKT1mSBM=
github.com/x448/float16 v0.8.4/go.mod h1:14CWIYCyZA/cWjXOioeEpHeN/83MdbZDRQHoFcYsOfg=
gitlab.com/yawning/aez.git v0.0.0-20211027044916-e49e68abd344 h1:eICJMpqnDkO4nQv+GWtXcE45CFum/ni3jhcE+acBjQk=
gitlab.com/yawning/aez.git v0.0.0-20211027044916-e49e68abd344/go.mod h1:/WDFxZLKGy+NQc+nqvQg2O0rW1HeWNHSelVv5fwEL8s=
gitlab.com/yawning/bsaes.git v0.0.0-20190805113838-0a714cd429ec h1:FpfFs4EhNehiVfzQttTuxanPIT43FtkkCFypIod8LHo=
gitlab.com/yawning/bsaes.git v0.0.0-20190805113838-0a714cd429ec/go.mod h1:BZ1RAoRPbCxum9Grlv5aeksu2H8BiKehBYooU2LFiOQ=
go.uber.org/mock v0.5.2 h1:LbtPTcP8A5k9WPXj54PPPbjcI4Y6lhyOZXn+VS7wNko=
go.uber.org/mock v0.5.2/go.mod h1:wLlUxC2vVTPTaE3UD51E0BGOAElKrILxhVSDYQLld5o=
golang.org/x/crypto v0.51.0 h1:IBPXwPfKxY7cWQZ38ZCIRPI50YLeevDLlLnyC5wRGTI=
golang.org/x/crypto v0.51.0/go.mod h1:8AdwkbraGNABw2kOX6YFPs3WM22XqI4EXEd8g+x7Oc8=
golang.org/x/net v0.53.0 h1:d+qAbo5L0orcWAr0a9JweQpjXF19LMXJE8Ey7hwOdUA=
golang.org/x/net v0.53.0/go.mod h1:JvMuJH7rrdiCfbeHoo3fCQU24Lf5JJwT9W3sJFulfgs=
golang.org/x/sys v0.0.0-20190804053845-51ab0e2deafa/go.mod h1:h1NjWce9XRLGQEsW7wpKNCjG9DtNlClVuFLEZdDNbEs=
golang.org/x/sys v0.44.0 h1:ildZl3J4uzeKP07r2F++Op7E9B29JRUy+a27EibtBTQ=
golang.org/x/sys v0.44.0/go.mod h1:4GL1E5IUh+htKOUEOaiffhrAeqysfVGipDYzABqnCmw=
golang.org/x/text v0.37.0 h1:Cqjiwd9eSg8e0QAkyCaQTNHFIIzWtidPahFWR83rTrc=
golang.org/x/text v0.37.0/go.mod h1:a5sjxXGs9hsn/AJVwuElvCAo9v8QYLzvavO5z2PiM38=
golang.org/x/time v0.14.0 h1:MRx4UaLrDotUKUdCIqzPC48t1Y9hANFKIRpNx+Te8PI=
golang.org/x/time v0.14.0/go.mod h1:eL/Oa2bBBK0TkX57Fyni+NgnyQQN4LitPmob2Hjnqw4=
gopkg.in/op/go-logging.v1 v1.0.0-20160211212156-b2cb9fa56473 h1:6D+BvnJ/j6e222UW8s2qTSe3wGBtvo0MbVQG/c5k8RE=
gopkg.in/op/go-logging.v1 v1.0.0-20160211212156-b2cb9fa56473/go.mod h1:N1eN2tsCx0Ydtgjl4cqmbRCsY4/+z4cYDeqwZTk6zog=
gopkg.in/yaml.v3 v3.0.1 h1:fxVm/GzAzEWqLHuvctI91KS9hhNmmWOoWu0XTYJS7CA=
gopkg.in/yaml.v3 v3.0.1/go.mod h1:K4uyk7z7BCEPqu6E+C64Yfv1cQ7kz7rIZviUmN+EgEM=
